
Microsoft Visual Studio Solution File, Format Version 11.00
# Visual Studio 2010
Project("{FAE04EC0-301F-11D3-BF4B-00C04F79EFBC}") = "Web", "Web\Web.csproj", "{AA5CBABE-14DB-42F2-AAD6-688CBFA0DA03}"
EndProject
Project("{FAE04EC0-301F-11D3-BF4B-00C04F79EFBC}") = "Utility", "Utility\Utility.csproj", "{0C16B767-DA06-4C11-AECD-8DBA216C24B7}"
EndProject
Project("{FAE04EC0-301F-11D3-BF4B-00C04F79EFBC}") = "Db", "Db\Db.csproj", "{5E307BE1-C5E8-4F2D-8D74-9BA2CC75B70A}"
EndProject
Project("{FAE04EC0-301F-11D3-BF4B-00C04F79EFBC}") = "Button", "Button\Button.csproj", "{3BB2519A-F567-4561-9146-0F9B80D21ED4}"
EndProject
Project("{FAE04EC0-301F-11D3-BF4B-00C04F79EFBC}") = "Url", "Url\Url.csproj", "{E1A6A171-5629-4CA4-931A-8BC7C1298B45}"
EndProject
Project("{FAE04EC0-301F-11D3-BF4B-00C04F79EFBC}") = "Manage", "Manage\Manage.csproj", "{B4A78817-FDC7-465A-8FB1-09332D618538}"
EndProject
Global
	GlobalSection(SolutionConfigurationPlatforms) = preSolution
		Debug|Any CPU = Debug|Any CPU
		Debug|Mixed Platforms = Debug|Mixed Platforms
		Debug|x86 = Debug|x86
		Release|Any CPU = Release|Any CPU
		Release|Mixed Platforms = Release|Mixed Platforms
		Release|x86 = Release|x86
	EndGlobalSection
	GlobalSection(ProjectConfigurationPlatforms) = postSolution
		{AA5CBABE-14DB-42F2-AAD6-688CBFA0DA03}.Debug|Any CPU.ActiveCfg = Debug|Any CPU
		{AA5CBABE-14DB-42F2-AAD6-688CBFA0DA03}.Debug|Any CPU.Build.0 = Debug|Any CPU
		{AA5CBABE-14DB-42F2-AAD6-688CBFA0DA03}.Debug|Mixed Platforms.ActiveCfg = Debug|Any CPU
		{AA5CBABE-14DB-42F2-AAD6-688CBFA0DA03}.Debug|Mixed Platforms.Build.0 = Debug|Any CPU
		{AA5CBABE-14DB-42F2-AAD6-688CBFA0DA03}.Debug|x86.ActiveCfg = Debug|Any CPU
		{AA5CBABE-14DB-42F2-AAD6-688CBFA0DA03}.Release|Any CPU.ActiveCfg = Release|Any CPU
		{AA5CBABE-14DB-42F2-AAD6-688CBFA0DA03}.Release|Any CPU.Build.0 = Release|Any CPU
		{AA5CBABE-14DB-42F2-AAD6-688CBFA0DA03}.Release|Mixed Platforms.ActiveCfg = Release|Any CPU
		{AA5CBABE-14DB-42F2-AAD6-688CBFA0DA03}.Release|Mixed Platforms.Build.0 = Release|Any CPU
		{AA5CBABE-14DB-42F2-AAD6-688CBFA0DA03}.Release|x86.ActiveCfg = Release|Any CPU
		{0C16B767-DA06-4C11-AECD-8DBA216C24B7}.Debug|Any CPU.ActiveCfg = Debug|Any CPU
		{0C16B767-DA06-4C11-AECD-8DBA216C24B7}.Debug|Any CPU.Build.0 = Debug|Any CPU
		{0C16B767-DA06-4C11-AECD-8DBA216C24B7}.Debug|Mixed Platforms.ActiveCfg = Debug|Any CPU
		{0C16B767-DA06-4C11-AECD-8DBA216C24B7}.Debug|Mixed Platforms.Build.0 = Debug|Any CPU
		{0C16B767-DA06-4C11-AECD-8DBA216C24B7}.Debug|x86.ActiveCfg = Debug|Any CPU
		{0C16B767-DA06-4C11-AECD-8DBA216C24B7}.Release|Any CPU.ActiveCfg = Release|Any CPU
		{0C16B767-DA06-4C11-AECD-8DBA216C24B7}.Release|Any CPU.Build.0 = Release|Any CPU
		{0C16B767-DA06-4C11-AECD-8DBA216C24B7}.Release|Mixed Platforms.ActiveCfg = Release|Any CPU
		{0C16B767-DA06-4C11-AECD-8DBA216C24B7}.Release|Mixed Platforms.Build.0 = Release|Any CPU
		{0C16B767-DA06-4C11-AECD-8DBA216C24B7}.Release|x86.ActiveCfg = Release|Any CPU
		{5E307BE1-C5E8-4F2D-8D74-9BA2CC75B70A}.Debug|Any CPU.ActiveCfg = Debug|x86
		{5E307BE1-C5E8-4F2D-8D74-9BA2CC75B70A}.Debug|Mixed Platforms.ActiveCfg = Debug|x86
		{5E307BE1-C5E8-4F2D-8D74-9BA2CC75B70A}.Debug|Mixed Platforms.Build.0 = Debug|x86
		{5E307BE1-C5E8-4F2D-8D74-9BA2CC75B70A}.Debug|x86.ActiveCfg = Debug|x86
		{5E307BE1-C5E8-4F2D-8D74-9BA2CC75B70A}.Debug|x86.Build.0 = Debug|x86
		{5E307BE1-C5E8-4F2D-8D74-9BA2CC75B70A}.Release|Any CPU.ActiveCfg = Release|x86
		{5E307BE1-C5E8-4F2D-8D74-9BA2CC75B70A}.Release|Mixed Platforms.ActiveCfg = Release|x86
		{5E307BE1-C5E8-4F2D-8D74-9BA2CC75B70A}.Release|Mixed Platforms.Build.0 = Release|x86
		{5E307BE1-C5E8-4F2D-8D74-9BA2CC75B70A}.Release|x86.ActiveCfg = Release|x86
		{5E307BE1-C5E8-4F2D-8D74-9BA2CC75B70A}.Release|x86.Build.0 = Release|x86
		{3BB2519A-F567-4561-9146-0F9B80D21ED4}.Debug|Any CPU.ActiveCfg = Debug|Any CPU
		{3BB2519A-F567-4561-9146-0F9B80D21ED4}.Debug|Any CPU.Build.0 = Debug|Any CPU
		{3BB2519A-F567-4561-9146-0F9B80D21ED4}.Debug|Mixed Platforms.ActiveCfg = Debug|Any CPU
		{3BB2519A-F567-4561-9146-0F9B80D21ED4}.Debug|Mixed Platforms.Build.0 = Debug|Any CPU
		{3BB2519A-F567-4561-9146-0F9B80D21ED4}.Debug|x86.ActiveCfg = Debug|Any CPU
		{3BB2519A-F567-4561-9146-0F9B80D21ED4}.Release|Any CPU.ActiveCfg = Release|Any CPU
		{3BB2519A-F567-4561-9146-0F9B80D21ED4}.Release|Any CPU.Build.0 = Release|Any CPU
		{3BB2519A-F567-4561-9146-0F9B80D21ED4}.Release|Mixed Platforms.ActiveCfg = Release|Any CPU
		{3BB2519A-F567-4561-9146-0F9B80D21ED4}.Release|Mixed Platforms.Build.0 = Release|Any CPU
		{3BB2519A-F567-4561-9146-0F9B80D21ED4}.Release|x86.ActiveCfg = Release|Any CPU
		{E1A6A171-5629-4CA4-931A-8BC7C1298B45}.Debug|Any CPU.ActiveCfg = Debug|Any CPU
		{E1A6A171-5629-4CA4-931A-8BC7C1298B45}.Debug|Any CPU.Build.0 = Debug|Any CPU
		{E1A6A171-5629-4CA4-931A-8BC7C1298B45}.Debug|Mixed Platforms.ActiveCfg = Debug|Any CPU
		{E1A6A171-5629-4CA4-931A-8BC7C1298B45}.Debug|Mixed Platforms.Build.0 = Debug|Any CPU
		{E1A6A171-5629-4CA4-931A-8BC7C1298B45}.Debug|x86.ActiveCfg = Debug|Any CPU
		{E1A6A171-5629-4CA4-931A-8BC7C1298B45}.Release|Any CPU.ActiveCfg = Release|Any CPU
		{E1A6A171-5629-4CA4-931A-8BC7C1298B45}.Release|Any CPU.Build.0 = Release|Any CPU
		{E1A6A171-5629-4CA4-931A-8BC7C1298B45}.Release|Mixed Platforms.ActiveCfg = Release|Any CPU
		{E1A6A171-5629-4CA4-931A-8BC7C1298B45}.Release|Mixed Platforms.Build.0 = Release|Any CPU
		{E1A6A171-5629-4CA4-931A-8BC7C1298B45}.Release|x86.ActiveCfg = Release|Any CPU
		{B4A78817-FDC7-465A-8FB1-09332D618538}.Debug|Any CPU.ActiveCfg = Debug|Any CPU
		{B4A78817-FDC7-465A-8FB1-09332D618538}.Debug|Any CPU.Build.0 = Debug|Any CPU
		{B4A78817-FDC7-465A-8FB1-09332D618538}.Debug|Mixed Platforms.ActiveCfg = Debug|Any CPU
		{B4A78817-FDC7-465A-8FB1-09332D618538}.Debug|Mixed Platforms.Build.0 = Debug|Any CPU
		{B4A78817-FDC7-465A-8FB1-09332D618538}.Debug|x86.ActiveCfg = Debug|Any CPU
		{B4A78817-FDC7-465A-8FB1-09332D618538}.Release|Any CPU.ActiveCfg = Release|Any CPU
		{B4A78817-FDC7-465A-8FB1-09332D618538}.Release|Any CPU.Build.0 = Release|Any CPU
		{B4A78817-FDC7-465A-8FB1-09332D618538}.Release|Mixed Platforms.ActiveCfg = Release|Any CPU
		{B4A78817-FDC7-465A-8FB1-09332D618538}.Release|Mixed Platforms.Build.0 = Release|Any CPU
		{B4A78817-FDC7-465A-8FB1-09332D618538}.Release|x86.ActiveCfg = Release|Any CPU
	EndGlobalSection
	GlobalSection(SolutionProperties) = preSolution
		HideSolutionNode = FALSE
	EndGlobalSection
EndGlobal
